
Microsoft Visual Studio Solution File, Format Version 12.00
# Visual Studio 15
VisualStudioVersion = 15.0.27703.2035
MinimumVisualStudioVersion = 10.0.40219.1
Project("{FAE04EC0-301F-11D3-BF4B-00C04F79EFBC}") = "LambdaExpressionsDemo", "LambdaExpressionsDemo\LambdaExpressionsDemo.csproj", "{8A902DC3-BEA5-47C5-A5CB-ED8FF1286B1A}"
EndProject
Global
	GlobalSection(SolutionConfigurationPlatforms) = preSolution
		Debug|Any CPU = Debug|Any CPU
		Release|Any CPU = Release|Any CPU
	EndGlobalSection
	GlobalSection(ProjectConfigurationPlatforms) = postSolution
		{8A902DC3-BEA5-47C5-A5CB-ED8FF1286B1A}.Debug|Any CPU.ActiveCfg = Debug|Any CPU
		{8A902DC3-BEA5-47C5-A5CB-ED8FF1286B1A}.Debug|Any CPU.Build.0 = Debug|Any CPU
		{8A902DC3-BEA5-47C5-A5CB-ED8FF1286B1A}.Release|Any CPU.ActiveCfg = Release|Any CPU
		{8A902DC3-BEA5-47C5-A5CB-ED8FF1286B1A}.Release|Any CPU.Build.0 = Release|Any CPU
	EndGlobalSection
	GlobalSection(SolutionProperties) = preSolution
		HideSolutionNode = FALSE
	EndGlobalSection
	GlobalSection(ExtensibilityGlobals) = postSolution
		SolutionGuid = {469FC806-84F6-409F-930B-C3094428E854}
	EndGlobalSection
EndGlobal
