
Microsoft Visual Studio Solution File, Format Version 12.00
# Visual Studio 15
VisualStudioVersion = 15.0.27703.2035
MinimumVisualStudioVersion = 10.0.40219.1
Project("{FAE04EC0-301F-11D3-BF4B-00C04F79EFBC}") = "whileDemo", "whileDemo\whileDemo.csproj", "{93F4C6EE-EDA0-4275-8688-4FB60CB29B41}"
EndProject
Global
	GlobalSection(SolutionConfigurationPlatforms) = preSolution
		Debug|Any CPU = Debug|Any CPU
		Release|Any CPU = Release|Any CPU
	EndGlobalSection
	GlobalSection(ProjectConfigurationPlatforms) = postSolution
		{93F4C6EE-EDA0-4275-8688-4FB60CB29B41}.Debug|Any CPU.ActiveCfg = Debug|Any CPU
		{93F4C6EE-EDA0-4275-8688-4FB60CB29B41}.Debug|Any CPU.Build.0 = Debug|Any CPU
		{93F4C6EE-EDA0-4275-8688-4FB60CB29B41}.Release|Any CPU.ActiveCfg = Release|Any CPU
		{93F4C6EE-EDA0-4275-8688-4FB60CB29B41}.Release|Any CPU.Build.0 = Release|Any CPU
	EndGlobalSection
	GlobalSection(SolutionProperties) = preSolution
		HideSolutionNode = FALSE
	EndGlobalSection
	GlobalSection(ExtensibilityGlobals) = postSolution
		SolutionGuid = {F742BC02-E711-4F98-B04F-20043207C9C2}
	EndGlobalSection
EndGlobal
