
Microsoft Visual Studio Solution File, Format Version 12.00
# Visual Studio 15
VisualStudioVersion = 15.0.27703.2035
MinimumVisualStudioVersion = 10.0.40219.1
Project("{FAE04EC0-301F-11D3-BF4B-00C04F79EFBC}") = "InheritanceDemo", "InheritanceDemo\InheritanceDemo.csproj", "{433FD360-ACF0-4F5A-B088-EB7ED8D56F18}"
EndProject
Global
	GlobalSection(SolutionConfigurationPlatforms) = preSolution
		Debug|Any CPU = Debug|Any CPU
		Release|Any CPU = Release|Any CPU
	EndGlobalSection
	GlobalSection(ProjectConfigurationPlatforms) = postSolution
		{433FD360-ACF0-4F5A-B088-EB7ED8D56F18}.Debug|Any CPU.ActiveCfg = Debug|Any CPU
		{433FD360-ACF0-4F5A-B088-EB7ED8D56F18}.Debug|Any CPU.Build.0 = Debug|Any CPU
		{433FD360-ACF0-4F5A-B088-EB7ED8D56F18}.Release|Any CPU.ActiveCfg = Release|Any CPU
		{433FD360-ACF0-4F5A-B088-EB7ED8D56F18}.Release|Any CPU.Build.0 = Release|Any CPU
	EndGlobalSection
	GlobalSection(SolutionProperties) = preSolution
		HideSolutionNode = FALSE
	EndGlobalSection
	GlobalSection(ExtensibilityGlobals) = postSolution
		SolutionGuid = {F55D7E9E-1C45-436D-B131-12D6FC3C73D2}
	EndGlobalSection
EndGlobal
