
Microsoft Visual Studio Solution File, Format Version 12.00
# Visual Studio 15
VisualStudioVersion = 15.0.27703.2035
MinimumVisualStudioVersion = 10.0.40219.1
Project("{FAE04EC0-301F-11D3-BF4B-00C04F79EFBC}") = "Linq", "Linq\Linq.csproj", "{0D698197-AA27-4738-B758-48A21755C1E2}"
EndProject
Global
	GlobalSection(SolutionConfigurationPlatforms) = preSolution
		Debug|Any CPU = Debug|Any CPU
		Release|Any CPU = Release|Any CPU
	EndGlobalSection
	GlobalSection(ProjectConfigurationPlatforms) = postSolution
		{0D698197-AA27-4738-B758-48A21755C1E2}.Debug|Any CPU.ActiveCfg = Debug|Any CPU
		{0D698197-AA27-4738-B758-48A21755C1E2}.Debug|Any CPU.Build.0 = Debug|Any CPU
		{0D698197-AA27-4738-B758-48A21755C1E2}.Release|Any CPU.ActiveCfg = Release|Any CPU
		{0D698197-AA27-4738-B758-48A21755C1E2}.Release|Any CPU.Build.0 = Release|Any CPU
	EndGlobalSection
	GlobalSection(SolutionProperties) = preSolution
		HideSolutionNode = FALSE
	EndGlobalSection
	GlobalSection(ExtensibilityGlobals) = postSolution
		SolutionGuid = {0DDBAF12-6BAC-4D16-8F0C-E17735FD2865}
	EndGlobalSection
EndGlobal
