
Microsoft Visual Studio Solution File, Format Version 12.00
# Visual Studio 15
VisualStudioVersion = 15.0.27703.2035
MinimumVisualStudioVersion = 10.0.40219.1
Project("{FAE04EC0-301F-11D3-BF4B-00C04F79EFBC}") = "Interfaces", "Interfaces\Interfaces.csproj", "{9E7D8A4B-A619-4AD1-B612-789DD69C9456}"
EndProject
Global
	GlobalSection(SolutionConfigurationPlatforms) = preSolution
		Debug|Any CPU = Debug|Any CPU
		Release|Any CPU = Release|Any CPU
	EndGlobalSection
	GlobalSection(ProjectConfigurationPlatforms) = postSolution
		{9E7D8A4B-A619-4AD1-B612-789DD69C9456}.Debug|Any CPU.ActiveCfg = Debug|Any CPU
		{9E7D8A4B-A619-4AD1-B612-789DD69C9456}.Debug|Any CPU.Build.0 = Debug|Any CPU
		{9E7D8A4B-A619-4AD1-B612-789DD69C9456}.Release|Any CPU.ActiveCfg = Release|Any CPU
		{9E7D8A4B-A619-4AD1-B612-789DD69C9456}.Release|Any CPU.Build.0 = Release|Any CPU
	EndGlobalSection
	GlobalSection(SolutionProperties) = preSolution
		HideSolutionNode = FALSE
	EndGlobalSection
	GlobalSection(ExtensibilityGlobals) = postSolution
		SolutionGuid = {19F5EF70-6AE8-4544-A676-59B55B2E1751}
	EndGlobalSection
EndGlobal
